{
    "version": 3,
    "terraform_version": "0.11.7",
    "serial": 6,
    "lineage": "0af39a64-36e0-d488-8658-737800bb46f2",
    "modules": [
        {
            "path": [
                "root"
            ],
            "outputs": {},
            "resources": {},
            "depends_on": []
        },
        {
            "path": [
                "root",
                "site"
            ],
            "outputs": {
                "bastion_ssh_sg_id": {
                    "sensitive": false,
                    "type": "string",
                    "value": "sg-07b12961179d1c52e"
                },
                "nat_sg_id": {
                    "sensitive": false,
                    "type": "string",
                    "value": "sg-070fc68ef7afa0a78"
                },
                "private_subnet_id": {
                    "sensitive": false,
                    "type": "string",
                    "value": "subnet-098d361d20913b866"
                },
                "public_subnet_id": {
                    "sensitive": false,
                    "type": "string",
                    "value": "subnet-09ae193d07f8edb71"
                },
                "ssh_from_bastion_sg_id": {
                    "sensitive": false,
                    "type": "string",
                    "value": "sg-0ac8eb4290d3a365a"
                },
                "vpc_id": {
                    "sensitive": false,
                    "type": "string",
                    "value": "vpc-0dfa903440c26b515"
                },
                "web_nat": {
                    "sensitive": false,
                    "type": "string",
                    "value": "sg-07dc4b7f6d3c06766"
                },
                "webapp_http_inbound_sg_id": {
                    "sensitive": false,
                    "type": "string",
                    "value": "sg-07e87b50281d0fa1d"
                },
                "webapp_outbound_sg_id": {
                    "sensitive": false,
                    "type": "string",
                    "value": "sg-0be726cef80b609c6"
                },
                "webapp_ssh_inbound_sg_id": {
                    "sensitive": false,
                    "type": "string",
                    "value": "sg-0196f3c5c2e3a99d7"
                }
            },
            "resources": {
                "aws_eip.nat": {
                    "type": "aws_eip",
                    "depends_on": [
                        "aws_internet_gateway.default"
                    ],
                    "primary": {
                        "id": "eipalloc-01682fdf7fb2dfc40",
                        "attributes": {
                            "association_id": "",
                            "domain": "vpc",
                            "id": "eipalloc-01682fdf7fb2dfc40",
                            "instance": "",
                            "network_interface": "",
                            "private_ip": "",
                            "public_ip": "54.245.25.10",
                            "tags.%": "0",
                            "vpc": "true"
                        },
                        "meta": {
                            "e2bfb730-ecaa-11e6-8f88-34363bc7c4c0": {
                                "delete": 180000000000,
                                "read": 900000000000,
                                "update": 300000000000
                            }
                        },
                        "tainted": false
                    },
                    "deposed": [],
                    "provider": "provider.aws"
                },
                "aws_internet_gateway.default": {
                    "type": "aws_internet_gateway",
                    "depends_on": [
                        "aws_vpc.default"
                    ],
                    "primary": {
                        "id": "igw-0091370eb219923f2",
                        "attributes": {
                            "id": "igw-0091370eb219923f2",
                            "tags.%": "1",
                            "tags.Name": "terraform_igw",
                            "vpc_id": "vpc-0dfa903440c26b515"
                        },
                        "meta": {},
                        "tainted": false
                    },
                    "deposed": [],
                    "provider": "provider.aws"
                },
                "aws_nat_gateway.nat": {
                    "type": "aws_nat_gateway",
                    "depends_on": [
                        "aws_eip.nat",
                        "aws_subnet.demo_public"
                    ],
                    "primary": {
                        "id": "nat-0f5dee2bbec88bb5c",
                        "attributes": {
                            "allocation_id": "eipalloc-01682fdf7fb2dfc40",
                            "id": "nat-0f5dee2bbec88bb5c",
                            "network_interface_id": "eni-1a65d613",
                            "private_ip": "10.30.0.46",
                            "public_ip": "54.245.25.10",
                            "subnet_id": "subnet-09ae193d07f8edb71",
                            "tags.%": "1",
                            "tags.Name": "terraform_nat_gateway"
                        },
                        "meta": {},
                        "tainted": false
                    },
                    "deposed": [],
                    "provider": "provider.aws"
                },
                "aws_route_table.demo_private": {
                    "type": "aws_route_table",
                    "depends_on": [
                        "aws_nat_gateway.nat",
                        "aws_vpc.default"
                    ],
                    "primary": {
                        "id": "rtb-064458c3955e219d9",
                        "attributes": {
                            "id": "rtb-064458c3955e219d9",
                            "propagating_vgws.#": "0",
                            "route.#": "1",
                            "route.4291012868.cidr_block": "0.0.0.0/0",
                            "route.4291012868.egress_only_gateway_id": "",
                            "route.4291012868.gateway_id": "",
                            "route.4291012868.instance_id": "",
                            "route.4291012868.ipv6_cidr_block": "",
                            "route.4291012868.nat_gateway_id": "nat-0f5dee2bbec88bb5c",
                            "route.4291012868.network_interface_id": "",
                            "route.4291012868.vpc_peering_connection_id": "",
                            "tags.%": "1",
                            "tags.Name": "terraform_private_subnet_route_table",
                            "vpc_id": "vpc-0dfa903440c26b515"
                        },
                        "meta": {},
                        "tainted": false
                    },
                    "deposed": [],
                    "provider": "provider.aws"
                },
                "aws_route_table.demo_public": {
                    "type": "aws_route_table",
                    "depends_on": [
                        "aws_internet_gateway.default",
                        "aws_vpc.default"
                    ],
                    "primary": {
                        "id": "rtb-02fb19dea4bd780f1",
                        "attributes": {
                            "id": "rtb-02fb19dea4bd780f1",
                            "propagating_vgws.#": "0",
                            "route.#": "1",
                            "route.2457636535.cidr_block": "0.0.0.0/0",
                            "route.2457636535.egress_only_gateway_id": "",
                            "route.2457636535.gateway_id": "igw-0091370eb219923f2",
                            "route.2457636535.instance_id": "",
                            "route.2457636535.ipv6_cidr_block": "",
                            "route.2457636535.nat_gateway_id": "",
                            "route.2457636535.network_interface_id": "",
                            "route.2457636535.vpc_peering_connection_id": "",
                            "tags.%": "1",
                            "tags.Name": "terraform_public_subnet_route_table",
                            "vpc_id": "vpc-0dfa903440c26b515"
                        },
                        "meta": {},
                        "tainted": false
                    },
                    "deposed": [],
                    "provider": "provider.aws"
                },
                "aws_route_table_association.demo_private": {
                    "type": "aws_route_table_association",
                    "depends_on": [
                        "aws_route_table.demo_private",
                        "aws_subnet.demo_private"
                    ],
                    "primary": {
                        "id": "rtbassoc-015ebfe645918b9b9",
                        "attributes": {
                            "id": "rtbassoc-015ebfe645918b9b9",
                            "route_table_id": "rtb-064458c3955e219d9",
                            "subnet_id": "subnet-098d361d20913b866"
                        },
                        "meta": {},
                        "tainted": false
                    },
                    "deposed": [],
                    "provider": "provider.aws"
                },
                "aws_route_table_association.demo_public": {
                    "type": "aws_route_table_association",
                    "depends_on": [
                        "aws_route_table.demo_public",
                        "aws_subnet.demo_public"
                    ],
                    "primary": {
                        "id": "rtbassoc-03ccd93a15a31ba86",
                        "attributes": {
                            "id": "rtbassoc-03ccd93a15a31ba86",
                            "route_table_id": "rtb-02fb19dea4bd780f1",
                            "subnet_id": "subnet-09ae193d07f8edb71"
                        },
                        "meta": {},
                        "tainted": false
                    },
                    "deposed": [],
                    "provider": "provider.aws"
                },
                "aws_security_group.bastion_ssh_sg": {
                    "type": "aws_security_group",
                    "depends_on": [
                        "aws_vpc.default"
                    ],
                    "primary": {
                        "id": "sg-07b12961179d1c52e",
                        "attributes": {
                            "arn": "arn:aws:ec2:us-west-2:562978119732:security-group/sg-07b12961179d1c52e",
                            "description": "Allow SSH to Bastion host from approved ranges",
                            "egress.#": "1",
                            "egress.482069346.cidr_blocks.#": "1",
                            "egress.482069346.cidr_blocks.0": "0.0.0.0/0",
                            "egress.482069346.description": "",
                            "egress.482069346.from_port": "0",
                            "egress.482069346.ipv6_cidr_blocks.#": "0",
                            "egress.482069346.prefix_list_ids.#": "0",
                            "egress.482069346.protocol": "-1",
                            "egress.482069346.security_groups.#": "0",
                            "egress.482069346.self": "false",
                            "egress.482069346.to_port": "0",
                            "id": "sg-07b12961179d1c52e",
                            "ingress.#": "1",
                            "ingress.750503301.cidr_blocks.#": "1",
                            "ingress.750503301.cidr_blocks.0": "10.30.0.0/16",
                            "ingress.750503301.description": "",
                            "ingress.750503301.from_port": "22",
                            "ingress.750503301.ipv6_cidr_blocks.#": "0",
                            "ingress.750503301.protocol": "tcp",
                            "ingress.750503301.security_groups.#": "0",
                            "ingress.750503301.self": "false",
                            "ingress.750503301.to_port": "22",
                            "name": "bastion_ssh",
                            "owner_id": "562978119732",
                            "revoke_rules_on_delete": "false",
                            "tags.%": "1",
                            "tags.Name": "terraform_bastion_ssh",
                            "vpc_id": "vpc-0dfa903440c26b515"
                        },
                        "meta": {
                            "e2bfb730-ecaa-11e6-8f88-34363bc7c4c0": {
                                "create": 600000000000,
                                "delete": 600000000000
                            },
                            "schema_version": "1"
                        },
                        "tainted": false
                    },
                    "deposed": [],
                    "provider": "provider.aws"
                },
                "aws_security_group.nat": {
                    "type": "aws_security_group",
                    "depends_on": [
                        "aws_vpc.default"
                    ],
                    "primary": {
                        "id": "sg-070fc68ef7afa0a78",
                        "attributes": {
                            "arn": "arn:aws:ec2:us-west-2:562978119732:security-group/sg-070fc68ef7afa0a78",
                            "description": "Allow traffic to pass from the private subnet to the internet",
                            "egress.#": "1",
                            "egress.482069346.cidr_blocks.#": "1",
                            "egress.482069346.cidr_blocks.0": "0.0.0.0/0",
                            "egress.482069346.description": "",
                            "egress.482069346.from_port": "0",
                            "egress.482069346.ipv6_cidr_blocks.#": "0",
                            "egress.482069346.prefix_list_ids.#": "0",
                            "egress.482069346.protocol": "-1",
                            "egress.482069346.security_groups.#": "0",
                            "egress.482069346.self": "false",
                            "egress.482069346.to_port": "0",
                            "id": "sg-070fc68ef7afa0a78",
                            "ingress.#": "3",
                            "ingress.16900020.cidr_blocks.#": "1",
                            "ingress.16900020.cidr_blocks.0": "10.30.1.0/24",
                            "ingress.16900020.description": "",
                            "ingress.16900020.from_port": "80",
                            "ingress.16900020.ipv6_cidr_blocks.#": "0",
                            "ingress.16900020.protocol": "tcp",
                            "ingress.16900020.security_groups.#": "0",
                            "ingress.16900020.self": "false",
                            "ingress.16900020.to_port": "80",
                            "ingress.1944762625.cidr_blocks.#": "1",
                            "ingress.1944762625.cidr_blocks.0": "10.30.1.0/24",
                            "ingress.1944762625.description": "",
                            "ingress.1944762625.from_port": "443",
                            "ingress.1944762625.ipv6_cidr_blocks.#": "0",
                            "ingress.1944762625.protocol": "tcp",
                            "ingress.1944762625.security_groups.#": "0",
                            "ingress.1944762625.self": "false",
                            "ingress.1944762625.to_port": "443",
                            "ingress.2850611794.cidr_blocks.#": "1",
                            "ingress.2850611794.cidr_blocks.0": "10.30.1.0/24",
                            "ingress.2850611794.description": "",
                            "ingress.2850611794.from_port": "-1",
                            "ingress.2850611794.ipv6_cidr_blocks.#": "0",
                            "ingress.2850611794.protocol": "icmp",
                            "ingress.2850611794.security_groups.#": "0",
                            "ingress.2850611794.self": "false",
                            "ingress.2850611794.to_port": "-1",
                            "name": "vpc_nat",
                            "owner_id": "562978119732",
                            "revoke_rules_on_delete": "false",
                            "tags.%": "1",
                            "tags.Name": "terraform",
                            "vpc_id": "vpc-0dfa903440c26b515"
                        },
                        "meta": {
                            "e2bfb730-ecaa-11e6-8f88-34363bc7c4c0": {
                                "create": 600000000000,
                                "delete": 600000000000
                            },
                            "schema_version": "1"
                        },
                        "tainted": false
                    },
                    "deposed": [],
                    "provider": "provider.aws"
                },
                "aws_security_group.ssh_from_bastion_sg": {
                    "type": "aws_security_group",
                    "depends_on": [
                        "aws_security_group.bastion_ssh_sg",
                        "aws_security_group.nat",
                        "aws_vpc.default"
                    ],
                    "primary": {
                        "id": "sg-0ac8eb4290d3a365a",
                        "attributes": {
                            "arn": "arn:aws:ec2:us-west-2:562978119732:security-group/sg-0ac8eb4290d3a365a",
                            "description": "Allow SSH from Bastion host(s)",
                            "egress.#": "0",
                            "id": "sg-0ac8eb4290d3a365a",
                            "ingress.#": "1",
                            "ingress.1450659154.cidr_blocks.#": "0",
                            "ingress.1450659154.description": "",
                            "ingress.1450659154.from_port": "22",
                            "ingress.1450659154.ipv6_cidr_blocks.#": "0",
                            "ingress.1450659154.protocol": "tcp",
                            "ingress.1450659154.security_groups.#": "2",
                            "ingress.1450659154.security_groups.1987366440": "sg-070fc68ef7afa0a78",
                            "ingress.1450659154.security_groups.4292779236": "sg-07b12961179d1c52e",
                            "ingress.1450659154.self": "false",
                            "ingress.1450659154.to_port": "22",
                            "name": "ssh_from_bastion",
                            "owner_id": "562978119732",
                            "revoke_rules_on_delete": "false",
                            "tags.%": "1",
                            "tags.Name": "terraform_ssh_from_bastion",
                            "vpc_id": "vpc-0dfa903440c26b515"
                        },
                        "meta": {
                            "e2bfb730-ecaa-11e6-8f88-34363bc7c4c0": {
                                "create": 600000000000,
                                "delete": 600000000000
                            },
                            "schema_version": "1"
                        },
                        "tainted": false
                    },
                    "deposed": [],
                    "provider": "provider.aws"
                },
                "aws_security_group.web_nat": {
                    "type": "aws_security_group",
                    "depends_on": [
                        "aws_subnet.demo_public",
                        "aws_vpc.default"
                    ],
                    "primary": {
                        "id": "sg-07dc4b7f6d3c06766",
                        "attributes": {
                            "arn": "arn:aws:ec2:us-west-2:562978119732:security-group/sg-07dc4b7f6d3c06766",
                            "description": "Allow web access to the private subnet from the public subnet (via NAT instance)",
                            "egress.#": "1",
                            "egress.482069346.cidr_blocks.#": "1",
                            "egress.482069346.cidr_blocks.0": "0.0.0.0/0",
                            "egress.482069346.description": "",
                            "egress.482069346.from_port": "0",
                            "egress.482069346.ipv6_cidr_blocks.#": "0",
                            "egress.482069346.prefix_list_ids.#": "0",
                            "egress.482069346.protocol": "-1",
                            "egress.482069346.security_groups.#": "0",
                            "egress.482069346.self": "false",
                            "egress.482069346.to_port": "0",
                            "id": "sg-07dc4b7f6d3c06766",
                            "ingress.#": "3",
                            "ingress.262138342.cidr_blocks.#": "1",
                            "ingress.262138342.cidr_blocks.0": "10.30.0.0/24",
                            "ingress.262138342.description": "",
                            "ingress.262138342.from_port": "-1",
                            "ingress.262138342.ipv6_cidr_blocks.#": "0",
                            "ingress.262138342.protocol": "icmp",
                            "ingress.262138342.security_groups.#": "0",
                            "ingress.262138342.self": "false",
                            "ingress.262138342.to_port": "-1",
                            "ingress.2809582592.cidr_blocks.#": "1",
                            "ingress.2809582592.cidr_blocks.0": "10.30.0.0/24",
                            "ingress.2809582592.description": "",
                            "ingress.2809582592.from_port": "80",
                            "ingress.2809582592.ipv6_cidr_blocks.#": "0",
                            "ingress.2809582592.protocol": "tcp",
                            "ingress.2809582592.security_groups.#": "0",
                            "ingress.2809582592.self": "false",
                            "ingress.2809582592.to_port": "80",
                            "ingress.3583881909.cidr_blocks.#": "1",
                            "ingress.3583881909.cidr_blocks.0": "10.30.0.0/24",
                            "ingress.3583881909.description": "",
                            "ingress.3583881909.from_port": "443",
                            "ingress.3583881909.ipv6_cidr_blocks.#": "0",
                            "ingress.3583881909.protocol": "tcp",
                            "ingress.3583881909.security_groups.#": "0",
                            "ingress.3583881909.self": "false",
                            "ingress.3583881909.to_port": "443",
                            "name": "private_subnet_web_access",
                            "owner_id": "562978119732",
                            "revoke_rules_on_delete": "false",
                            "tags.%": "1",
                            "tags.Name": "terraform",
                            "vpc_id": "vpc-0dfa903440c26b515"
                        },
                        "meta": {
                            "e2bfb730-ecaa-11e6-8f88-34363bc7c4c0": {
                                "create": 600000000000,
                                "delete": 600000000000
                            },
                            "schema_version": "1"
                        },
                        "tainted": false
                    },
                    "deposed": [],
                    "provider": "provider.aws"
                },
                "aws_security_group.webapp_http_inbound_sg": {
                    "type": "aws_security_group",
                    "depends_on": [
                        "aws_vpc.default"
                    ],
                    "primary": {
                        "id": "sg-07e87b50281d0fa1d",
                        "attributes": {
                            "arn": "arn:aws:ec2:us-west-2:562978119732:security-group/sg-07e87b50281d0fa1d",
                            "description": "Allow HTTP from Anywhere",
                            "egress.#": "1",
                            "egress.482069346.cidr_blocks.#": "1",
                            "egress.482069346.cidr_blocks.0": "0.0.0.0/0",
                            "egress.482069346.description": "",
                            "egress.482069346.from_port": "0",
                            "egress.482069346.ipv6_cidr_blocks.#": "0",
                            "egress.482069346.prefix_list_ids.#": "0",
                            "egress.482069346.protocol": "-1",
                            "egress.482069346.security_groups.#": "0",
                            "egress.482069346.self": "false",
                            "egress.482069346.to_port": "0",
                            "id": "sg-07e87b50281d0fa1d",
                            "ingress.#": "1",
                            "ingress.2214680975.cidr_blocks.#": "1",
                            "ingress.2214680975.cidr_blocks.0": "0.0.0.0/0",
                            "ingress.2214680975.description": "",
                            "ingress.2214680975.from_port": "80",
                            "ingress.2214680975.ipv6_cidr_blocks.#": "0",
                            "ingress.2214680975.protocol": "tcp",
                            "ingress.2214680975.security_groups.#": "0",
                            "ingress.2214680975.self": "false",
                            "ingress.2214680975.to_port": "80",
                            "name": "demo_webapp_http_inbound",
                            "owner_id": "562978119732",
                            "revoke_rules_on_delete": "false",
                            "tags.%": "1",
                            "tags.Name": "terraform_demo_webapp_http_inbound",
                            "vpc_id": "vpc-0dfa903440c26b515"
                        },
                        "meta": {
                            "e2bfb730-ecaa-11e6-8f88-34363bc7c4c0": {
                                "create": 600000000000,
                                "delete": 600000000000
                            },
                            "schema_version": "1"
                        },
                        "tainted": false
                    },
                    "deposed": [],
                    "provider": "provider.aws"
                },
                "aws_security_group.webapp_outbound_sg": {
                    "type": "aws_security_group",
                    "depends_on": [
                        "aws_vpc.default"
                    ],
                    "primary": {
                        "id": "sg-0be726cef80b609c6",
                        "attributes": {
                            "arn": "arn:aws:ec2:us-west-2:562978119732:security-group/sg-0be726cef80b609c6",
                            "description": "Allow outbound connections",
                            "egress.#": "1",
                            "egress.482069346.cidr_blocks.#": "1",
                            "egress.482069346.cidr_blocks.0": "0.0.0.0/0",
                            "egress.482069346.description": "",
                            "egress.482069346.from_port": "0",
                            "egress.482069346.ipv6_cidr_blocks.#": "0",
                            "egress.482069346.prefix_list_ids.#": "0",
                            "egress.482069346.protocol": "-1",
                            "egress.482069346.security_groups.#": "0",
                            "egress.482069346.self": "false",
                            "egress.482069346.to_port": "0",
                            "id": "sg-0be726cef80b609c6",
                            "ingress.#": "0",
                            "name": "demo_webapp_outbound",
                            "owner_id": "562978119732",
                            "revoke_rules_on_delete": "false",
                            "tags.%": "1",
                            "tags.Name": "terraform_demo_webapp_outbound",
                            "vpc_id": "vpc-0dfa903440c26b515"
                        },
                        "meta": {
                            "e2bfb730-ecaa-11e6-8f88-34363bc7c4c0": {
                                "create": 600000000000,
                                "delete": 600000000000
                            },
                            "schema_version": "1"
                        },
                        "tainted": false
                    },
                    "deposed": [],
                    "provider": "provider.aws"
                },
                "aws_security_group.webapp_ssh_inbound_sg": {
                    "type": "aws_security_group",
                    "depends_on": [
                        "aws_vpc.default"
                    ],
                    "primary": {
                        "id": "sg-0196f3c5c2e3a99d7",
                        "attributes": {
                            "arn": "arn:aws:ec2:us-west-2:562978119732:security-group/sg-0196f3c5c2e3a99d7",
                            "description": "Allow SSH from certain ranges",
                            "egress.#": "0",
                            "id": "sg-0196f3c5c2e3a99d7",
                            "ingress.#": "1",
                            "ingress.750503301.cidr_blocks.#": "1",
                            "ingress.750503301.cidr_blocks.0": "10.30.0.0/16",
                            "ingress.750503301.description": "",
                            "ingress.750503301.from_port": "22",
                            "ingress.750503301.ipv6_cidr_blocks.#": "0",
                            "ingress.750503301.protocol": "tcp",
                            "ingress.750503301.security_groups.#": "0",
                            "ingress.750503301.self": "false",
                            "ingress.750503301.to_port": "22",
                            "name": "demo_webapp_ssh_inbound",
                            "owner_id": "562978119732",
                            "revoke_rules_on_delete": "false",
                            "tags.%": "1",
                            "tags.Name": "terraform_demo_webapp_ssh_inbound",
                            "vpc_id": "vpc-0dfa903440c26b515"
                        },
                        "meta": {
                            "e2bfb730-ecaa-11e6-8f88-34363bc7c4c0": {
                                "create": 600000000000,
                                "delete": 600000000000
                            },
                            "schema_version": "1"
                        },
                        "tainted": false
                    },
                    "deposed": [],
                    "provider": "provider.aws"
                },
                "aws_subnet.demo_private": {
                    "type": "aws_subnet",
                    "depends_on": [
                        "aws_vpc.default"
                    ],
                    "primary": {
                        "id": "subnet-098d361d20913b866",
                        "attributes": {
                            "assign_ipv6_address_on_creation": "false",
                            "availability_zone": "us-west-2a",
                            "cidr_block": "10.30.1.0/24",
                            "id": "subnet-098d361d20913b866",
                            "map_public_ip_on_launch": "false",
                            "tags.%": "1",
                            "tags.Name": "terraform_private_subnet",
                            "vpc_id": "vpc-0dfa903440c26b515"
                        },
                        "meta": {
                            "schema_version": "1"
                        },
                        "tainted": false
                    },
                    "deposed": [],
                    "provider": "provider.aws"
                },
                "aws_subnet.demo_public": {
                    "type": "aws_subnet",
                    "depends_on": [
                        "aws_vpc.default"
                    ],
                    "primary": {
                        "id": "subnet-09ae193d07f8edb71",
                        "attributes": {
                            "assign_ipv6_address_on_creation": "false",
                            "availability_zone": "us-west-2a",
                            "cidr_block": "10.30.0.0/24",
                            "id": "subnet-09ae193d07f8edb71",
                            "map_public_ip_on_launch": "false",
                            "tags.%": "1",
                            "tags.Name": "terraform_public_subnet",
                            "vpc_id": "vpc-0dfa903440c26b515"
                        },
                        "meta": {
                            "schema_version": "1"
                        },
                        "tainted": false
                    },
                    "deposed": [],
                    "provider": "provider.aws"
                },
                "aws_vpc.default": {
                    "type": "aws_vpc",
                    "depends_on": [],
                    "primary": {
                        "id": "vpc-0dfa903440c26b515",
                        "attributes": {
                            "assign_generated_ipv6_cidr_block": "false",
                            "cidr_block": "10.30.0.0/16",
                            "default_network_acl_id": "acl-0f99422db14ee13d0",
                            "default_route_table_id": "rtb-00f7b4a4d82f6554e",
                            "default_security_group_id": "sg-0ac251d40661cdecb",
                            "dhcp_options_id": "dopt-9e2961e7",
                            "enable_classiclink": "false",
                            "enable_classiclink_dns_support": "false",
                            "enable_dns_hostnames": "true",
                            "enable_dns_support": "true",
                            "id": "vpc-0dfa903440c26b515",
                            "instance_tenancy": "default",
                            "main_route_table_id": "rtb-00f7b4a4d82f6554e",
                            "tags.%": "1",
                            "tags.Name": "terraform_vpc"
                        },
                        "meta": {
                            "schema_version": "1"
                        },
                        "tainted": false
                    },
                    "deposed": [],
                    "provider": "provider.aws"
                }
            },
            "depends_on": []
        }
    ]
}
