{
    "version": 3,
    "terraform_version": "0.11.7",
    "serial": 4,
    "lineage": "0af39a64-36e0-d488-8658-737800bb46f2",
    "modules": [
        {
            "path": [
                "root"
            ],
            "outputs": {},
            "resources": {},
            "depends_on": []
        },
        {
            "path": [
                "root",
                "autoscaling_groups"
            ],
            "outputs": {
                "asg_id": {
                    "sensitive": false,
                    "type": "string",
                    "value": "demo_webapp_asg-terraform-20180420155223949800000001"
                }
            },
            "resources": {
                "aws_autoscaling_group.webapp_asg": {
                    "type": "aws_autoscaling_group",
                    "depends_on": [],
                    "primary": {
                        "id": "demo_webapp_asg-terraform-20180420155223949800000001",
                        "attributes": {
                            "arn": "arn:aws:autoscaling:us-west-2:070393264585:autoScalingGroup:4c27af92-88bd-4b2c-8a6d-641648d1901a:autoScalingGroupName/demo_webapp_asg-terraform-20180420155223949800000001",
                            "availability_zones.#": "1",
                            "availability_zones.2487133097": "us-west-2a",
                            "default_cooldown": "300",
                            "desired_capacity": "2",
                            "enabled_metrics.#": "0",
                            "force_delete": "true",
                            "health_check_grace_period": "300",
                            "health_check_type": "EC2",
                            "id": "demo_webapp_asg-terraform-20180420155223949800000001",
                            "launch_configuration": "terraform-20180420155223949800000001",
                            "load_balancers.#": "1",
                            "load_balancers.1892697294": "demo-webapp-elb",
                            "max_size": "10",
                            "metrics_granularity": "1Minute",
                            "min_size": "2",
                            "name": "demo_webapp_asg-terraform-20180420155223949800000001",
                            "placement_group": "",
                            "protect_from_scale_in": "false",
                            "service_linked_role_arn": "arn:aws:iam::070393264585:role/aws-service-role/autoscaling.amazonaws.com/AWSServiceRoleForAutoScaling",
                            "suspended_processes.#": "0",
                            "tag.#": "1",
                            "tag.277666185.key": "Name",
                            "tag.277666185.propagate_at_launch": "true",
                            "tag.277666185.value": "terraform_asg",
                            "target_group_arns.#": "0",
                            "termination_policies.#": "0",
                            "vpc_zone_identifier.#": "1",
                            "vpc_zone_identifier.3267589970": "subnet-c4c0618f",
                            "wait_for_capacity_timeout": "10m",
                            "wait_for_elb_capacity": "0"
                        },
                        "meta": {
                            "e2bfb730-ecaa-11e6-8f88-34363bc7c4c0": {
                                "delete": 600000000000
                            }
                        },
                        "tainted": false
                    },
                    "deposed": [],
                    "provider": "provider.aws"
                },
                "aws_autoscaling_policy.scale_down": {
                    "type": "aws_autoscaling_policy",
                    "depends_on": [
                        "aws_autoscaling_group.webapp_asg"
                    ],
                    "primary": {
                        "id": "terraform_asg_scale_down",
                        "attributes": {
                            "adjustment_type": "ChangeInCapacity",
                            "arn": "arn:aws:autoscaling:us-west-2:070393264585:scalingPolicy:aed093e6-d8b5-4a49-b40f-95e6e93f12f8:autoScalingGroupName/demo_webapp_asg-terraform-20180420155223949800000001:policyName/terraform_asg_scale_down",
                            "autoscaling_group_name": "demo_webapp_asg-terraform-20180420155223949800000001",
                            "cooldown": "600",
                            "estimated_instance_warmup": "0",
                            "id": "terraform_asg_scale_down",
                            "metric_aggregation_type": "",
                            "min_adjustment_step": "0",
                            "name": "terraform_asg_scale_down",
                            "policy_type": "SimpleScaling",
                            "scaling_adjustment": "-1",
                            "step_adjustment.#": "0",
                            "target_tracking_configuration.#": "0"
                        },
                        "meta": {},
                        "tainted": false
                    },
                    "deposed": [],
                    "provider": "provider.aws"
                },
                "aws_autoscaling_policy.scale_up": {
                    "type": "aws_autoscaling_policy",
                    "depends_on": [
                        "aws_autoscaling_group.webapp_asg"
                    ],
                    "primary": {
                        "id": "terraform_asg_scale_up",
                        "attributes": {
                            "adjustment_type": "ChangeInCapacity",
                            "arn": "arn:aws:autoscaling:us-west-2:070393264585:scalingPolicy:f43015d4-616f-4870-9a2d-27297a9a9f45:autoScalingGroupName/demo_webapp_asg-terraform-20180420155223949800000001:policyName/terraform_asg_scale_up",
                            "autoscaling_group_name": "demo_webapp_asg-terraform-20180420155223949800000001",
                            "cooldown": "300",
                            "estimated_instance_warmup": "0",
                            "id": "terraform_asg_scale_up",
                            "metric_aggregation_type": "",
                            "min_adjustment_step": "0",
                            "name": "terraform_asg_scale_up",
                            "policy_type": "SimpleScaling",
                            "scaling_adjustment": "2",
                            "step_adjustment.#": "0",
                            "target_tracking_configuration.#": "0"
                        },
                        "meta": {},
                        "tainted": false
                    },
                    "deposed": [],
                    "provider": "provider.aws"
                },
                "aws_cloudwatch_metric_alarm.scale_down_alarm": {
                    "type": "aws_cloudwatch_metric_alarm",
                    "depends_on": [
                        "aws_autoscaling_group.webapp_asg",
                        "aws_autoscaling_policy.scale_down"
                    ],
                    "primary": {
                        "id": "terraform-demo-low-asg-cpu",
                        "attributes": {
                            "actions_enabled": "true",
                            "alarm_actions.#": "1",
                            "alarm_actions.884833781": "arn:aws:autoscaling:us-west-2:070393264585:scalingPolicy:aed093e6-d8b5-4a49-b40f-95e6e93f12f8:autoScalingGroupName/demo_webapp_asg-terraform-20180420155223949800000001:policyName/terraform_asg_scale_down",
                            "alarm_description": "EC2 CPU Utilization",
                            "alarm_name": "terraform-demo-low-asg-cpu",
                            "comparison_operator": "LessThanThreshold",
                            "datapoints_to_alarm": "0",
                            "dimensions.%": "1",
                            "dimensions.AutoScalingGroupName": "demo_webapp_asg-terraform-20180420155223949800000001",
                            "evaluate_low_sample_count_percentiles": "",
                            "evaluation_periods": "5",
                            "extended_statistic": "",
                            "id": "terraform-demo-low-asg-cpu",
                            "insufficient_data_actions.#": "0",
                            "metric_name": "CPUUtilization",
                            "namespace": "AWS/EC2",
                            "ok_actions.#": "0",
                            "period": "120",
                            "statistic": "Average",
                            "threshold": "30",
                            "treat_missing_data": "missing",
                            "unit": ""
                        },
                        "meta": {
                            "schema_version": "1"
                        },
                        "tainted": false
                    },
                    "deposed": [],
                    "provider": "provider.aws"
                },
                "aws_cloudwatch_metric_alarm.scale_up_alarm": {
                    "type": "aws_cloudwatch_metric_alarm",
                    "depends_on": [
                        "aws_autoscaling_group.webapp_asg",
                        "aws_autoscaling_policy.scale_up"
                    ],
                    "primary": {
                        "id": "terraform-demo-high-asg-cpu",
                        "attributes": {
                            "actions_enabled": "true",
                            "alarm_actions.#": "1",
                            "alarm_actions.443006218": "arn:aws:autoscaling:us-west-2:070393264585:scalingPolicy:f43015d4-616f-4870-9a2d-27297a9a9f45:autoScalingGroupName/demo_webapp_asg-terraform-20180420155223949800000001:policyName/terraform_asg_scale_up",
                            "alarm_description": "EC2 CPU Utilization",
                            "alarm_name": "terraform-demo-high-asg-cpu",
                            "comparison_operator": "GreaterThanThreshold",
                            "datapoints_to_alarm": "0",
                            "dimensions.%": "1",
                            "dimensions.AutoScalingGroupName": "demo_webapp_asg-terraform-20180420155223949800000001",
                            "evaluate_low_sample_count_percentiles": "",
                            "evaluation_periods": "2",
                            "extended_statistic": "",
                            "id": "terraform-demo-high-asg-cpu",
                            "insufficient_data_actions.#": "0",
                            "metric_name": "CPUUtilization",
                            "namespace": "AWS/EC2",
                            "ok_actions.#": "0",
                            "period": "120",
                            "statistic": "Average",
                            "threshold": "80",
                            "treat_missing_data": "missing",
                            "unit": ""
                        },
                        "meta": {
                            "schema_version": "1"
                        },
                        "tainted": false
                    },
                    "deposed": [],
                    "provider": "provider.aws"
                }
            },
            "depends_on": []
        },
        {
            "path": [
                "root",
                "instances"
            ],
            "outputs": {},
            "resources": {
                "aws_eip.bastion": {
                    "type": "aws_eip",
                    "depends_on": [
                        "aws_instance.bastion"
                    ],
                    "primary": {
                        "id": "eipalloc-ba6cd486",
                        "attributes": {
                            "association_id": "eipassoc-db15a216",
                            "domain": "vpc",
                            "id": "eipalloc-ba6cd486",
                            "instance": "i-05745499e8caaf228",
                            "network_interface": "eni-2663932f",
                            "private_ip": "10.30.0.20",
                            "public_ip": "34.213.1.111",
                            "tags.%": "0",
                            "vpc": "true"
                        },
                        "meta": {
                            "e2bfb730-ecaa-11e6-8f88-34363bc7c4c0": {
                                "delete": 180000000000,
                                "read": 900000000000,
                                "update": 300000000000
                            }
                        },
                        "tainted": false
                    },
                    "deposed": [],
                    "provider": "provider.aws"
                },
                "aws_instance.bastion": {
                    "type": "aws_instance",
                    "depends_on": [],
                    "primary": {
                        "id": "i-05745499e8caaf228",
                        "attributes": {
                            "ami": "ami-d874e0a0",
                            "associate_public_ip_address": "true",
                            "availability_zone": "us-west-2a",
                            "disable_api_termination": "false",
                            "ebs_block_device.#": "0",
                            "ebs_optimized": "false",
                            "ephemeral_block_device.#": "0",
                            "get_password_data": "false",
                            "iam_instance_profile": "",
                            "id": "i-05745499e8caaf228",
                            "instance_state": "running",
                            "instance_type": "t2.micro",
                            "ipv6_addresses.#": "0",
                            "key_name": "",
                            "monitoring": "false",
                            "network_interface.#": "0",
                            "network_interface_id": "eni-2663932f",
                            "password_data": "",
                            "placement_group": "",
                            "primary_network_interface_id": "eni-2663932f",
                            "private_dns": "ip-10-30-0-20.us-west-2.compute.internal",
                            "private_ip": "10.30.0.20",
                            "public_dns": "ec2-34-213-1-111.us-west-2.compute.amazonaws.com",
                            "public_ip": "34.213.1.111",
                            "root_block_device.#": "1",
                            "root_block_device.0.delete_on_termination": "true",
                            "root_block_device.0.iops": "100",
                            "root_block_device.0.volume_id": "vol-0127155541417ac7e",
                            "root_block_device.0.volume_size": "8",
                            "root_block_device.0.volume_type": "gp2",
                            "security_groups.#": "0",
                            "source_dest_check": "true",
                            "subnet_id": "subnet-c4c0618f",
                            "tags.%": "1",
                            "tags.Name": "terraform_bastion",
                            "tenancy": "default",
                            "volume_tags.%": "0",
                            "vpc_security_group_ids.#": "1",
                            "vpc_security_group_ids.3520477337": "sg-2c98f352"
                        },
                        "meta": {
                            "e2bfb730-ecaa-11e6-8f88-34363bc7c4c0": {
                                "create": 600000000000,
                                "delete": 1200000000000,
                                "update": 600000000000
                            },
                            "schema_version": "1"
                        },
                        "tainted": false
                    },
                    "deposed": [],
                    "provider": "provider.aws"
                },
                "aws_instance.private_subnet_instance": {
                    "type": "aws_instance",
                    "depends_on": [],
                    "primary": {
                        "id": "i-0384e0dd9f2d4177c",
                        "attributes": {
                            "ami": "ami-d874e0a0",
                            "associate_public_ip_address": "false",
                            "availability_zone": "us-west-2a",
                            "disable_api_termination": "false",
                            "ebs_block_device.#": "0",
                            "ebs_optimized": "false",
                            "ephemeral_block_device.#": "0",
                            "get_password_data": "false",
                            "iam_instance_profile": "",
                            "id": "i-0384e0dd9f2d4177c",
                            "instance_state": "running",
                            "instance_type": "t2.micro",
                            "ipv6_addresses.#": "0",
                            "key_name": "",
                            "monitoring": "false",
                            "network_interface.#": "0",
                            "network_interface_id": "eni-b96191b0",
                            "password_data": "",
                            "placement_group": "",
                            "primary_network_interface_id": "eni-b96191b0",
                            "private_dns": "ip-10-30-1-19.us-west-2.compute.internal",
                            "private_ip": "10.30.1.19",
                            "public_dns": "",
                            "public_ip": "",
                            "root_block_device.#": "1",
                            "root_block_device.0.delete_on_termination": "true",
                            "root_block_device.0.iops": "100",
                            "root_block_device.0.volume_id": "vol-029881fcf548e80df",
                            "root_block_device.0.volume_size": "8",
                            "root_block_device.0.volume_type": "gp2",
                            "security_groups.#": "0",
                            "source_dest_check": "true",
                            "subnet_id": "subnet-5bc26310",
                            "tags.%": "1",
                            "tags.Name": "terraform_demo_private_subnet",
                            "tenancy": "default",
                            "volume_tags.%": "0",
                            "vpc_security_group_ids.#": "2",
                            "vpc_security_group_ids.1067651313": "sg-a49ff4da",
                            "vpc_security_group_ids.2353061487": "sg-829ef5fc"
                        },
                        "meta": {
                            "e2bfb730-ecaa-11e6-8f88-34363bc7c4c0": {
                                "create": 600000000000,
                                "delete": 1200000000000,
                                "update": 600000000000
                            },
                            "schema_version": "1"
                        },
                        "tainted": false
                    },
                    "deposed": [],
                    "provider": "provider.aws"
                }
            },
            "depends_on": []
        },
        {
            "path": [
                "root",
                "launch_configurations"
            ],
            "outputs": {
                "webapp_lc_id": {
                    "sensitive": false,
                    "type": "string",
                    "value": "terraform-20180420155223949800000001"
                },
                "webapp_lc_name": {
                    "sensitive": false,
                    "type": "string",
                    "value": "terraform-20180420155223949800000001"
                }
            },
            "resources": {
                "aws_launch_configuration.webapp_lc": {
                    "type": "aws_launch_configuration",
                    "depends_on": [],
                    "primary": {
                        "id": "terraform-20180420155223949800000001",
                        "attributes": {
                            "associate_public_ip_address": "true",
                            "ebs_block_device.#": "0",
                            "ebs_optimized": "false",
                            "enable_monitoring": "true",
                            "ephemeral_block_device.#": "0",
                            "iam_instance_profile": "",
                            "id": "terraform-20180420155223949800000001",
                            "image_id": "ami-d874e0a0",
                            "instance_type": "t2.nano",
                            "key_name": "",
                            "name": "terraform-20180420155223949800000001",
                            "root_block_device.#": "0",
                            "security_groups.#": "3",
                            "security_groups.2243141189": "sg-cb98f3b5",
                            "security_groups.244099027": "sg-029af17c",
                            "security_groups.958700142": "sg-d299f2ac",
                            "spot_price": "",
                            "user_data": "be87d3f458e26363ba8e71a681693f6b5b57bacd",
                            "vpc_classic_link_id": "",
                            "vpc_classic_link_security_groups.#": "0"
                        },
                        "meta": {},
                        "tainted": false
                    },
                    "deposed": [],
                    "provider": "provider.aws"
                }
            },
            "depends_on": []
        },
        {
            "path": [
                "root",
                "load_balancers"
            ],
            "outputs": {
                "webapp_elb_name": {
                    "sensitive": false,
                    "type": "string",
                    "value": "demo-webapp-elb"
                }
            },
            "resources": {
                "aws_elb.webapp_elb": {
                    "type": "aws_elb",
                    "depends_on": [],
                    "primary": {
                        "id": "demo-webapp-elb",
                        "attributes": {
                            "access_logs.#": "0",
                            "arn": "arn:aws:elasticloadbalancing:us-west-2:070393264585:loadbalancer/demo-webapp-elb",
                            "availability_zones.#": "1",
                            "availability_zones.2487133097": "us-west-2a",
                            "connection_draining": "false",
                            "connection_draining_timeout": "300",
                            "cross_zone_load_balancing": "true",
                            "dns_name": "demo-webapp-elb-1413795333.us-west-2.elb.amazonaws.com",
                            "health_check.#": "1",
                            "health_check.0.healthy_threshold": "2",
                            "health_check.0.interval": "10",
                            "health_check.0.target": "HTTP:80/",
                            "health_check.0.timeout": "3",
                            "health_check.0.unhealthy_threshold": "2",
                            "id": "demo-webapp-elb",
                            "idle_timeout": "60",
                            "instances.#": "2",
                            "instances.1274188910": "i-0b78e7fc749b1e774",
                            "instances.1379773594": "i-052e70a5c7086d077",
                            "internal": "false",
                            "listener.#": "1",
                            "listener.3057123346.instance_port": "80",
                            "listener.3057123346.instance_protocol": "http",
                            "listener.3057123346.lb_port": "80",
                            "listener.3057123346.lb_protocol": "http",
                            "listener.3057123346.ssl_certificate_id": "",
                            "name": "demo-webapp-elb",
                            "security_groups.#": "1",
                            "security_groups.244099027": "sg-029af17c",
                            "source_security_group": "070393264585/demo_webapp_http_inbound",
                            "source_security_group_id": "sg-029af17c",
                            "subnets.#": "1",
                            "subnets.3267589970": "subnet-c4c0618f",
                            "tags.%": "1",
                            "tags.Name": "terraform_elb",
                            "zone_id": "Z1H1FL5HABSF5"
                        },
                        "meta": {},
                        "tainted": false
                    },
                    "deposed": [],
                    "provider": "provider.aws"
                }
            },
            "depends_on": []
        },
        {
            "path": [
                "root",
                "site"
            ],
            "outputs": {
                "bastion_ssh_sg_id": {
                    "sensitive": false,
                    "type": "string",
                    "value": "sg-2c98f352"
                },
                "nat_sg_id": {
                    "sensitive": false,
                    "type": "string",
                    "value": "sg-039ff47d"
                },
                "private_subnet_id": {
                    "sensitive": false,
                    "type": "string",
                    "value": "subnet-5bc26310"
                },
                "public_subnet_id": {
                    "sensitive": false,
                    "type": "string",
                    "value": "subnet-c4c0618f"
                },
                "ssh_from_bastion_sg_id": {
                    "sensitive": false,
                    "type": "string",
                    "value": "sg-829ef5fc"
                },
                "vpc_id": {
                    "sensitive": false,
                    "type": "string",
                    "value": "vpc-20f3a859"
                },
                "web_nat": {
                    "sensitive": false,
                    "type": "string",
                    "value": "sg-a49ff4da"
                },
                "webapp_http_inbound_sg_id": {
                    "sensitive": false,
                    "type": "string",
                    "value": "sg-029af17c"
                },
                "webapp_outbound_sg_id": {
                    "sensitive": false,
                    "type": "string",
                    "value": "sg-cb98f3b5"
                },
                "webapp_ssh_inbound_sg_id": {
                    "sensitive": false,
                    "type": "string",
                    "value": "sg-d299f2ac"
                }
            },
            "resources": {
                "aws_eip.nat": {
                    "type": "aws_eip",
                    "depends_on": [
                        "aws_instance.nat"
                    ],
                    "primary": {
                        "id": "eipalloc-a56ad299",
                        "attributes": {
                            "association_id": "eipassoc-6e14a3a3",
                            "domain": "vpc",
                            "id": "eipalloc-a56ad299",
                            "instance": "i-025829d235cdb2c5b",
                            "network_interface": "eni-39669630",
                            "private_ip": "10.30.0.107",
                            "public_ip": "54.70.11.200",
                            "tags.%": "0",
                            "vpc": "true"
                        },
                        "meta": {
                            "e2bfb730-ecaa-11e6-8f88-34363bc7c4c0": {
                                "delete": 180000000000,
                                "read": 900000000000,
                                "update": 300000000000
                            }
                        },
                        "tainted": false
                    },
                    "deposed": [],
                    "provider": "provider.aws"
                },
                "aws_instance.nat": {
                    "type": "aws_instance",
                    "depends_on": [
                        "aws_security_group.nat",
                        "aws_subnet.demo_public"
                    ],
                    "primary": {
                        "id": "i-025829d235cdb2c5b",
                        "attributes": {
                            "ami": "ami-75ae8245",
                            "associate_public_ip_address": "true",
                            "availability_zone": "us-west-2a",
                            "disable_api_termination": "false",
                            "ebs_block_device.#": "0",
                            "ebs_optimized": "false",
                            "ephemeral_block_device.#": "0",
                            "get_password_data": "false",
                            "iam_instance_profile": "",
                            "id": "i-025829d235cdb2c5b",
                            "instance_state": "running",
                            "instance_type": "t2.micro",
                            "ipv6_addresses.#": "0",
                            "key_name": "",
                            "monitoring": "false",
                            "network_interface.#": "0",
                            "network_interface_id": "eni-39669630",
                            "password_data": "",
                            "placement_group": "",
                            "primary_network_interface_id": "eni-39669630",
                            "private_dns": "ip-10-30-0-107.us-west-2.compute.internal",
                            "private_ip": "10.30.0.107",
                            "public_dns": "ec2-34-216-130-44.us-west-2.compute.amazonaws.com",
                            "public_ip": "34.216.130.44",
                            "root_block_device.#": "1",
                            "root_block_device.0.delete_on_termination": "true",
                            "root_block_device.0.iops": "0",
                            "root_block_device.0.volume_id": "vol-0afffd351b745124d",
                            "root_block_device.0.volume_size": "8",
                            "root_block_device.0.volume_type": "standard",
                            "security_groups.#": "0",
                            "source_dest_check": "false",
                            "subnet_id": "subnet-c4c0618f",
                            "tags.%": "1",
                            "tags.Name": "terraform_nat_instance",
                            "tenancy": "default",
                            "volume_tags.%": "0",
                            "vpc_security_group_ids.#": "1",
                            "vpc_security_group_ids.2188650303": "sg-039ff47d"
                        },
                        "meta": {
                            "e2bfb730-ecaa-11e6-8f88-34363bc7c4c0": {
                                "create": 600000000000,
                                "delete": 1200000000000,
                                "update": 600000000000
                            },
                            "schema_version": "1"
                        },
                        "tainted": false
                    },
                    "deposed": [],
                    "provider": "provider.aws"
                },
                "aws_internet_gateway.default": {
                    "type": "aws_internet_gateway",
                    "depends_on": [
                        "aws_vpc.default"
                    ],
                    "primary": {
                        "id": "igw-9b1d6afd",
                        "attributes": {
                            "id": "igw-9b1d6afd",
                            "tags.%": "1",
                            "tags.Name": "terraform_igw",
                            "vpc_id": "vpc-20f3a859"
                        },
                        "meta": {},
                        "tainted": false
                    },
                    "deposed": [],
                    "provider": "provider.aws"
                },
                "aws_route_table.demo_private": {
                    "type": "aws_route_table",
                    "depends_on": [
                        "aws_instance.nat",
                        "aws_vpc.default"
                    ],
                    "primary": {
                        "id": "rtb-3a93cd42",
                        "attributes": {
                            "id": "rtb-3a93cd42",
                            "propagating_vgws.#": "0",
                            "route.#": "1",
                            "route.3447573019.cidr_block": "0.0.0.0/0",
                            "route.3447573019.egress_only_gateway_id": "",
                            "route.3447573019.gateway_id": "",
                            "route.3447573019.instance_id": "i-025829d235cdb2c5b",
                            "route.3447573019.ipv6_cidr_block": "",
                            "route.3447573019.nat_gateway_id": "",
                            "route.3447573019.network_interface_id": "eni-39669630",
                            "route.3447573019.vpc_peering_connection_id": "",
                            "tags.%": "1",
                            "tags.Name": "terraform_private_subnet_route_table",
                            "vpc_id": "vpc-20f3a859"
                        },
                        "meta": {},
                        "tainted": false
                    },
                    "deposed": [],
                    "provider": "provider.aws"
                },
                "aws_route_table.demo_public": {
                    "type": "aws_route_table",
                    "depends_on": [
                        "aws_internet_gateway.default",
                        "aws_vpc.default"
                    ],
                    "primary": {
                        "id": "rtb-9394caeb",
                        "attributes": {
                            "id": "rtb-9394caeb",
                            "propagating_vgws.#": "0",
                            "route.#": "1",
                            "route.3644311976.cidr_block": "0.0.0.0/0",
                            "route.3644311976.egress_only_gateway_id": "",
                            "route.3644311976.gateway_id": "igw-9b1d6afd",
                            "route.3644311976.instance_id": "",
                            "route.3644311976.ipv6_cidr_block": "",
                            "route.3644311976.nat_gateway_id": "",
                            "route.3644311976.network_interface_id": "",
                            "route.3644311976.vpc_peering_connection_id": "",
                            "tags.%": "1",
                            "tags.Name": "terraform_public_subnet_route_table",
                            "vpc_id": "vpc-20f3a859"
                        },
                        "meta": {},
                        "tainted": false
                    },
                    "deposed": [],
                    "provider": "provider.aws"
                },
                "aws_route_table_association.demo_private": {
                    "type": "aws_route_table_association",
                    "depends_on": [
                        "aws_route_table.demo_private",
                        "aws_subnet.demo_private"
                    ],
                    "primary": {
                        "id": "rtbassoc-4098ec3a",
                        "attributes": {
                            "id": "rtbassoc-4098ec3a",
                            "route_table_id": "rtb-3a93cd42",
                            "subnet_id": "subnet-5bc26310"
                        },
                        "meta": {},
                        "tainted": false
                    },
                    "deposed": [],
                    "provider": "provider.aws"
                },
                "aws_route_table_association.demo_public": {
                    "type": "aws_route_table_association",
                    "depends_on": [
                        "aws_route_table.demo_public",
                        "aws_subnet.demo_public"
                    ],
                    "primary": {
                        "id": "rtbassoc-f09eea8a",
                        "attributes": {
                            "id": "rtbassoc-f09eea8a",
                            "route_table_id": "rtb-9394caeb",
                            "subnet_id": "subnet-c4c0618f"
                        },
                        "meta": {},
                        "tainted": false
                    },
                    "deposed": [],
                    "provider": "provider.aws"
                },
                "aws_security_group.bastion_ssh_sg": {
                    "type": "aws_security_group",
                    "depends_on": [
                        "aws_vpc.default"
                    ],
                    "primary": {
                        "id": "sg-2c98f352",
                        "attributes": {
                            "arn": "arn:aws:ec2:us-west-2:070393264585:security-group/sg-2c98f352",
                            "description": "Allow SSH to Bastion host from approved ranges",
                            "egress.#": "1",
                            "egress.482069346.cidr_blocks.#": "1",
                            "egress.482069346.cidr_blocks.0": "0.0.0.0/0",
                            "egress.482069346.description": "",
                            "egress.482069346.from_port": "0",
                            "egress.482069346.ipv6_cidr_blocks.#": "0",
                            "egress.482069346.prefix_list_ids.#": "0",
                            "egress.482069346.protocol": "-1",
                            "egress.482069346.security_groups.#": "0",
                            "egress.482069346.self": "false",
                            "egress.482069346.to_port": "0",
                            "id": "sg-2c98f352",
                            "ingress.#": "1",
                            "ingress.750503301.cidr_blocks.#": "1",
                            "ingress.750503301.cidr_blocks.0": "10.30.0.0/16",
                            "ingress.750503301.description": "",
                            "ingress.750503301.from_port": "22",
                            "ingress.750503301.ipv6_cidr_blocks.#": "0",
                            "ingress.750503301.protocol": "tcp",
                            "ingress.750503301.security_groups.#": "0",
                            "ingress.750503301.self": "false",
                            "ingress.750503301.to_port": "22",
                            "name": "bastion_ssh",
                            "owner_id": "070393264585",
                            "revoke_rules_on_delete": "false",
                            "tags.%": "1",
                            "tags.Name": "terraform_bastion_ssh",
                            "vpc_id": "vpc-20f3a859"
                        },
                        "meta": {
                            "e2bfb730-ecaa-11e6-8f88-34363bc7c4c0": {
                                "create": 600000000000,
                                "delete": 600000000000
                            },
                            "schema_version": "1"
                        },
                        "tainted": false
                    },
                    "deposed": [],
                    "provider": "provider.aws"
                },
                "aws_security_group.nat": {
                    "type": "aws_security_group",
                    "depends_on": [
                        "aws_vpc.default"
                    ],
                    "primary": {
                        "id": "sg-039ff47d",
                        "attributes": {
                            "arn": "arn:aws:ec2:us-west-2:070393264585:security-group/sg-039ff47d",
                            "description": "Allow traffic to pass from the private subnet to the internet",
                            "egress.#": "1",
                            "egress.482069346.cidr_blocks.#": "1",
                            "egress.482069346.cidr_blocks.0": "0.0.0.0/0",
                            "egress.482069346.description": "",
                            "egress.482069346.from_port": "0",
                            "egress.482069346.ipv6_cidr_blocks.#": "0",
                            "egress.482069346.prefix_list_ids.#": "0",
                            "egress.482069346.protocol": "-1",
                            "egress.482069346.security_groups.#": "0",
                            "egress.482069346.self": "false",
                            "egress.482069346.to_port": "0",
                            "id": "sg-039ff47d",
                            "ingress.#": "3",
                            "ingress.16900020.cidr_blocks.#": "1",
                            "ingress.16900020.cidr_blocks.0": "10.30.1.0/24",
                            "ingress.16900020.description": "",
                            "ingress.16900020.from_port": "80",
                            "ingress.16900020.ipv6_cidr_blocks.#": "0",
                            "ingress.16900020.protocol": "tcp",
                            "ingress.16900020.security_groups.#": "0",
                            "ingress.16900020.self": "false",
                            "ingress.16900020.to_port": "80",
                            "ingress.1944762625.cidr_blocks.#": "1",
                            "ingress.1944762625.cidr_blocks.0": "10.30.1.0/24",
                            "ingress.1944762625.description": "",
                            "ingress.1944762625.from_port": "443",
                            "ingress.1944762625.ipv6_cidr_blocks.#": "0",
                            "ingress.1944762625.protocol": "tcp",
                            "ingress.1944762625.security_groups.#": "0",
                            "ingress.1944762625.self": "false",
                            "ingress.1944762625.to_port": "443",
                            "ingress.2850611794.cidr_blocks.#": "1",
                            "ingress.2850611794.cidr_blocks.0": "10.30.1.0/24",
                            "ingress.2850611794.description": "",
                            "ingress.2850611794.from_port": "-1",
                            "ingress.2850611794.ipv6_cidr_blocks.#": "0",
                            "ingress.2850611794.protocol": "icmp",
                            "ingress.2850611794.security_groups.#": "0",
                            "ingress.2850611794.self": "false",
                            "ingress.2850611794.to_port": "-1",
                            "name": "vpc_nat",
                            "owner_id": "070393264585",
                            "revoke_rules_on_delete": "false",
                            "tags.%": "1",
                            "tags.Name": "terraform",
                            "vpc_id": "vpc-20f3a859"
                        },
                        "meta": {
                            "e2bfb730-ecaa-11e6-8f88-34363bc7c4c0": {
                                "create": 600000000000,
                                "delete": 600000000000
                            },
                            "schema_version": "1"
                        },
                        "tainted": false
                    },
                    "deposed": [],
                    "provider": "provider.aws"
                },
                "aws_security_group.ssh_from_bastion_sg": {
                    "type": "aws_security_group",
                    "depends_on": [
                        "aws_security_group.bastion_ssh_sg",
                        "aws_security_group.nat",
                        "aws_vpc.default"
                    ],
                    "primary": {
                        "id": "sg-829ef5fc",
                        "attributes": {
                            "arn": "arn:aws:ec2:us-west-2:070393264585:security-group/sg-829ef5fc",
                            "description": "Allow SSH from Bastion host(s)",
                            "egress.#": "0",
                            "id": "sg-829ef5fc",
                            "ingress.#": "1",
                            "ingress.3275123909.cidr_blocks.#": "0",
                            "ingress.3275123909.description": "",
                            "ingress.3275123909.from_port": "22",
                            "ingress.3275123909.ipv6_cidr_blocks.#": "0",
                            "ingress.3275123909.protocol": "tcp",
                            "ingress.3275123909.security_groups.#": "2",
                            "ingress.3275123909.security_groups.2188650303": "sg-039ff47d",
                            "ingress.3275123909.security_groups.3520477337": "sg-2c98f352",
                            "ingress.3275123909.self": "false",
                            "ingress.3275123909.to_port": "22",
                            "name": "ssh_from_bastion",
                            "owner_id": "070393264585",
                            "revoke_rules_on_delete": "false",
                            "tags.%": "1",
                            "tags.Name": "terraform_ssh_from_bastion",
                            "vpc_id": "vpc-20f3a859"
                        },
                        "meta": {
                            "e2bfb730-ecaa-11e6-8f88-34363bc7c4c0": {
                                "create": 600000000000,
                                "delete": 600000000000
                            },
                            "schema_version": "1"
                        },
                        "tainted": false
                    },
                    "deposed": [],
                    "provider": "provider.aws"
                },
                "aws_security_group.web_nat": {
                    "type": "aws_security_group",
                    "depends_on": [
                        "aws_subnet.demo_public",
                        "aws_vpc.default"
                    ],
                    "primary": {
                        "id": "sg-a49ff4da",
                        "attributes": {
                            "arn": "arn:aws:ec2:us-west-2:070393264585:security-group/sg-a49ff4da",
                            "description": "Allow web access to the private subnet from the public subnet (via NAT instance)",
                            "egress.#": "1",
                            "egress.482069346.cidr_blocks.#": "1",
                            "egress.482069346.cidr_blocks.0": "0.0.0.0/0",
                            "egress.482069346.description": "",
                            "egress.482069346.from_port": "0",
                            "egress.482069346.ipv6_cidr_blocks.#": "0",
                            "egress.482069346.prefix_list_ids.#": "0",
                            "egress.482069346.protocol": "-1",
                            "egress.482069346.security_groups.#": "0",
                            "egress.482069346.self": "false",
                            "egress.482069346.to_port": "0",
                            "id": "sg-a49ff4da",
                            "ingress.#": "3",
                            "ingress.262138342.cidr_blocks.#": "1",
                            "ingress.262138342.cidr_blocks.0": "10.30.0.0/24",
                            "ingress.262138342.description": "",
                            "ingress.262138342.from_port": "-1",
                            "ingress.262138342.ipv6_cidr_blocks.#": "0",
                            "ingress.262138342.protocol": "icmp",
                            "ingress.262138342.security_groups.#": "0",
                            "ingress.262138342.self": "false",
                            "ingress.262138342.to_port": "-1",
                            "ingress.2809582592.cidr_blocks.#": "1",
                            "ingress.2809582592.cidr_blocks.0": "10.30.0.0/24",
                            "ingress.2809582592.description": "",
                            "ingress.2809582592.from_port": "80",
                            "ingress.2809582592.ipv6_cidr_blocks.#": "0",
                            "ingress.2809582592.protocol": "tcp",
                            "ingress.2809582592.security_groups.#": "0",
                            "ingress.2809582592.self": "false",
                            "ingress.2809582592.to_port": "80",
                            "ingress.3583881909.cidr_blocks.#": "1",
                            "ingress.3583881909.cidr_blocks.0": "10.30.0.0/24",
                            "ingress.3583881909.description": "",
                            "ingress.3583881909.from_port": "443",
                            "ingress.3583881909.ipv6_cidr_blocks.#": "0",
                            "ingress.3583881909.protocol": "tcp",
                            "ingress.3583881909.security_groups.#": "0",
                            "ingress.3583881909.self": "false",
                            "ingress.3583881909.to_port": "443",
                            "name": "private_subnet_web_access",
                            "owner_id": "070393264585",
                            "revoke_rules_on_delete": "false",
                            "tags.%": "1",
                            "tags.Name": "terraform",
                            "vpc_id": "vpc-20f3a859"
                        },
                        "meta": {
                            "e2bfb730-ecaa-11e6-8f88-34363bc7c4c0": {
                                "create": 600000000000,
                                "delete": 600000000000
                            },
                            "schema_version": "1"
                        },
                        "tainted": false
                    },
                    "deposed": [],
                    "provider": "provider.aws"
                },
                "aws_security_group.webapp_http_inbound_sg": {
                    "type": "aws_security_group",
                    "depends_on": [
                        "aws_vpc.default"
                    ],
                    "primary": {
                        "id": "sg-029af17c",
                        "attributes": {
                            "arn": "arn:aws:ec2:us-west-2:070393264585:security-group/sg-029af17c",
                            "description": "Allow HTTP from Anywhere",
                            "egress.#": "1",
                            "egress.482069346.cidr_blocks.#": "1",
                            "egress.482069346.cidr_blocks.0": "0.0.0.0/0",
                            "egress.482069346.description": "",
                            "egress.482069346.from_port": "0",
                            "egress.482069346.ipv6_cidr_blocks.#": "0",
                            "egress.482069346.prefix_list_ids.#": "0",
                            "egress.482069346.protocol": "-1",
                            "egress.482069346.security_groups.#": "0",
                            "egress.482069346.self": "false",
                            "egress.482069346.to_port": "0",
                            "id": "sg-029af17c",
                            "ingress.#": "1",
                            "ingress.2214680975.cidr_blocks.#": "1",
                            "ingress.2214680975.cidr_blocks.0": "0.0.0.0/0",
                            "ingress.2214680975.description": "",
                            "ingress.2214680975.from_port": "80",
                            "ingress.2214680975.ipv6_cidr_blocks.#": "0",
                            "ingress.2214680975.protocol": "tcp",
                            "ingress.2214680975.security_groups.#": "0",
                            "ingress.2214680975.self": "false",
                            "ingress.2214680975.to_port": "80",
                            "name": "demo_webapp_http_inbound",
                            "owner_id": "070393264585",
                            "revoke_rules_on_delete": "false",
                            "tags.%": "1",
                            "tags.Name": "terraform_demo_webapp_http_inbound",
                            "vpc_id": "vpc-20f3a859"
                        },
                        "meta": {
                            "e2bfb730-ecaa-11e6-8f88-34363bc7c4c0": {
                                "create": 600000000000,
                                "delete": 600000000000
                            },
                            "schema_version": "1"
                        },
                        "tainted": false
                    },
                    "deposed": [],
                    "provider": "provider.aws"
                },
                "aws_security_group.webapp_outbound_sg": {
                    "type": "aws_security_group",
                    "depends_on": [
                        "aws_vpc.default"
                    ],
                    "primary": {
                        "id": "sg-cb98f3b5",
                        "attributes": {
                            "arn": "arn:aws:ec2:us-west-2:070393264585:security-group/sg-cb98f3b5",
                            "description": "Allow outbound connections",
                            "egress.#": "1",
                            "egress.482069346.cidr_blocks.#": "1",
                            "egress.482069346.cidr_blocks.0": "0.0.0.0/0",
                            "egress.482069346.description": "",
                            "egress.482069346.from_port": "0",
                            "egress.482069346.ipv6_cidr_blocks.#": "0",
                            "egress.482069346.prefix_list_ids.#": "0",
                            "egress.482069346.protocol": "-1",
                            "egress.482069346.security_groups.#": "0",
                            "egress.482069346.self": "false",
                            "egress.482069346.to_port": "0",
                            "id": "sg-cb98f3b5",
                            "ingress.#": "0",
                            "name": "demo_webapp_outbound",
                            "owner_id": "070393264585",
                            "revoke_rules_on_delete": "false",
                            "tags.%": "1",
                            "tags.Name": "terraform_demo_webapp_outbound",
                            "vpc_id": "vpc-20f3a859"
                        },
                        "meta": {
                            "e2bfb730-ecaa-11e6-8f88-34363bc7c4c0": {
                                "create": 600000000000,
                                "delete": 600000000000
                            },
                            "schema_version": "1"
                        },
                        "tainted": false
                    },
                    "deposed": [],
                    "provider": "provider.aws"
                },
                "aws_security_group.webapp_ssh_inbound_sg": {
                    "type": "aws_security_group",
                    "depends_on": [
                        "aws_vpc.default"
                    ],
                    "primary": {
                        "id": "sg-d299f2ac",
                        "attributes": {
                            "arn": "arn:aws:ec2:us-west-2:070393264585:security-group/sg-d299f2ac",
                            "description": "Allow SSH from certain ranges",
                            "egress.#": "0",
                            "id": "sg-d299f2ac",
                            "ingress.#": "1",
                            "ingress.750503301.cidr_blocks.#": "1",
                            "ingress.750503301.cidr_blocks.0": "10.30.0.0/16",
                            "ingress.750503301.description": "",
                            "ingress.750503301.from_port": "22",
                            "ingress.750503301.ipv6_cidr_blocks.#": "0",
                            "ingress.750503301.protocol": "tcp",
                            "ingress.750503301.security_groups.#": "0",
                            "ingress.750503301.self": "false",
                            "ingress.750503301.to_port": "22",
                            "name": "demo_webapp_ssh_inbound",
                            "owner_id": "070393264585",
                            "revoke_rules_on_delete": "false",
                            "tags.%": "1",
                            "tags.Name": "terraform_demo_webapp_ssh_inbound",
                            "vpc_id": "vpc-20f3a859"
                        },
                        "meta": {
                            "e2bfb730-ecaa-11e6-8f88-34363bc7c4c0": {
                                "create": 600000000000,
                                "delete": 600000000000
                            },
                            "schema_version": "1"
                        },
                        "tainted": false
                    },
                    "deposed": [],
                    "provider": "provider.aws"
                },
                "aws_subnet.demo_private": {
                    "type": "aws_subnet",
                    "depends_on": [
                        "aws_vpc.default"
                    ],
                    "primary": {
                        "id": "subnet-5bc26310",
                        "attributes": {
                            "assign_ipv6_address_on_creation": "false",
                            "availability_zone": "us-west-2a",
                            "cidr_block": "10.30.1.0/24",
                            "id": "subnet-5bc26310",
                            "map_public_ip_on_launch": "false",
                            "tags.%": "1",
                            "tags.Name": "terraform_private_subnet",
                            "vpc_id": "vpc-20f3a859"
                        },
                        "meta": {
                            "schema_version": "1"
                        },
                        "tainted": false
                    },
                    "deposed": [],
                    "provider": "provider.aws"
                },
                "aws_subnet.demo_public": {
                    "type": "aws_subnet",
                    "depends_on": [
                        "aws_vpc.default"
                    ],
                    "primary": {
                        "id": "subnet-c4c0618f",
                        "attributes": {
                            "assign_ipv6_address_on_creation": "false",
                            "availability_zone": "us-west-2a",
                            "cidr_block": "10.30.0.0/24",
                            "id": "subnet-c4c0618f",
                            "map_public_ip_on_launch": "false",
                            "tags.%": "1",
                            "tags.Name": "terraform_public_subnet",
                            "vpc_id": "vpc-20f3a859"
                        },
                        "meta": {
                            "schema_version": "1"
                        },
                        "tainted": false
                    },
                    "deposed": [],
                    "provider": "provider.aws"
                },
                "aws_vpc.default": {
                    "type": "aws_vpc",
                    "depends_on": [],
                    "primary": {
                        "id": "vpc-20f3a859",
                        "attributes": {
                            "assign_generated_ipv6_cidr_block": "false",
                            "cidr_block": "10.30.0.0/16",
                            "default_network_acl_id": "acl-910face9",
                            "default_route_table_id": "rtb-8495cbfc",
                            "default_security_group_id": "sg-a69ff4d8",
                            "dhcp_options_id": "dopt-8f4300f6",
                            "enable_classiclink": "false",
                            "enable_classiclink_dns_support": "false",
                            "enable_dns_hostnames": "true",
                            "enable_dns_support": "true",
                            "id": "vpc-20f3a859",
                            "instance_tenancy": "default",
                            "main_route_table_id": "rtb-8495cbfc",
                            "tags.%": "1",
                            "tags.Name": "terraform_vpc"
                        },
                        "meta": {
                            "schema_version": "1"
                        },
                        "tainted": false
                    },
                    "deposed": [],
                    "provider": "provider.aws"
                }
            },
            "depends_on": []
        }
    ]
}
